
Microsoft Visual Studio Solution File, Format Version 12.00
# Visual Studio 15
VisualStudioVersion = 15.0.28307.168
MinimumVisualStudioVersion = 10.0.40219.1
Project("{2150E333-8FDC-42A3-9474-1A3956D46DE8}") = "Data", "Data", "{4FEA9B1E-871C-413A-A3EB-255AA38A7C8B}"
EndProject
Project("{2150E333-8FDC-42A3-9474-1A3956D46DE8}") = "Services", "Services", "{0E05E560-7447-4CF1-BE49-0FFDCB7AA2EE}"
EndProject
Project("{2150E333-8FDC-42A3-9474-1A3956D46DE8}") = "Web", "Web", "{81019B89-E37E-4645-B5E8-1DB385880D03}"
EndProject
Project("{9A19103F-16F7-4668-BE54-9A1E7A4F7556}") = "Shop.Services", "Services\Shop.Services\Shop.Services.csproj", "{269CA876-5273-4123-9A38-0BBD64F387C1}"
EndProject
Project("{9A19103F-16F7-4668-BE54-9A1E7A4F7556}") = "Shop.Data", "Data\Shop.Data\Shop.Data.csproj", "{B6871215-3E6F-43A5-B412-F9FF5628FEAE}"
EndProject
Project("{9A19103F-16F7-4668-BE54-9A1E7A4F7556}") = "Shop.Data.Models", "Data\Shop.Data.Models\Shop.Data.Models.csproj", "{D4B2FB4A-591D-435F-9CD9-08EC6A6AA1CB}"
EndProject
Project("{9A19103F-16F7-4668-BE54-9A1E7A4F7556}") = "Shop.Web", "Web\Shop.Web\Shop.Web.csproj", "{F226D850-2005-4928-8971-BF9FBAC8E8E9}"
EndProject
Project("{FAE04EC0-301F-11D3-BF4B-00C04F79EFBC}") = "Shop.Web.ViewModels", "Shop.Web.ViewModels\Shop.Web.ViewModels.csproj", "{BE23F11D-D3EF-425F-99D7-B0111D6E41E3}"
EndProject
Project("{9A19103F-16F7-4668-BE54-9A1E7A4F7556}") = "Shop.Web.BindingModels", "Web\Shop.Web.BIndingModels\Shop.Web.BindingModels.csproj", "{66F62EF4-3CD0-4080-B2B4-83EE83DDB01C}"
EndProject
Project("{9A19103F-16F7-4668-BE54-9A1E7A4F7556}") = "Shop.Services.Models", "Services\Shop.Services.Models\Shop.Services.Models.csproj", "{4FCDA9A5-F853-453C-A9AD-79A187F55E92}"
EndProject
Global
	GlobalSection(SolutionConfigurationPlatforms) = preSolution
		Debug|Any CPU = Debug|Any CPU
		Release|Any CPU = Release|Any CPU
	EndGlobalSection
	GlobalSection(ProjectConfigurationPlatforms) = postSolution
		{269CA876-5273-4123-9A38-0BBD64F387C1}.Debug|Any CPU.ActiveCfg = Debug|Any CPU
		{269CA876-5273-4123-9A38-0BBD64F387C1}.Debug|Any CPU.Build.0 = Debug|Any CPU
		{269CA876-5273-4123-9A38-0BBD64F387C1}.Release|Any CPU.ActiveCfg = Release|Any CPU
		{269CA876-5273-4123-9A38-0BBD64F387C1}.Release|Any CPU.Build.0 = Release|Any CPU
		{B6871215-3E6F-43A5-B412-F9FF5628FEAE}.Debug|Any CPU.ActiveCfg = Debug|Any CPU
		{B6871215-3E6F-43A5-B412-F9FF5628FEAE}.Debug|Any CPU.Build.0 = Debug|Any CPU
		{B6871215-3E6F-43A5-B412-F9FF5628FEAE}.Release|Any CPU.ActiveCfg = Release|Any CPU
		{B6871215-3E6F-43A5-B412-F9FF5628FEAE}.Release|Any CPU.Build.0 = Release|Any CPU
		{D4B2FB4A-591D-435F-9CD9-08EC6A6AA1CB}.Debug|Any CPU.ActiveCfg = Debug|Any CPU
		{D4B2FB4A-591D-435F-9CD9-08EC6A6AA1CB}.Debug|Any CPU.Build.0 = Debug|Any CPU
		{D4B2FB4A-591D-435F-9CD9-08EC6A6AA1CB}.Release|Any CPU.ActiveCfg = Release|Any CPU
		{D4B2FB4A-591D-435F-9CD9-08EC6A6AA1CB}.Release|Any CPU.Build.0 = Release|Any CPU
		{F226D850-2005-4928-8971-BF9FBAC8E8E9}.Debug|Any CPU.ActiveCfg = Debug|Any CPU
		{F226D850-2005-4928-8971-BF9FBAC8E8E9}.Debug|Any CPU.Build.0 = Debug|Any CPU
		{F226D850-2005-4928-8971-BF9FBAC8E8E9}.Release|Any CPU.ActiveCfg = Release|Any CPU
		{F226D850-2005-4928-8971-BF9FBAC8E8E9}.Release|Any CPU.Build.0 = Release|Any CPU
		{BE23F11D-D3EF-425F-99D7-B0111D6E41E3}.Debug|Any CPU.ActiveCfg = Debug|Any CPU
		{BE23F11D-D3EF-425F-99D7-B0111D6E41E3}.Debug|Any CPU.Build.0 = Debug|Any CPU
		{BE23F11D-D3EF-425F-99D7-B0111D6E41E3}.Release|Any CPU.ActiveCfg = Release|Any CPU
		{BE23F11D-D3EF-425F-99D7-B0111D6E41E3}.Release|Any CPU.Build.0 = Release|Any CPU
		{66F62EF4-3CD0-4080-B2B4-83EE83DDB01C}.Debug|Any CPU.ActiveCfg = Debug|Any CPU
		{66F62EF4-3CD0-4080-B2B4-83EE83DDB01C}.Debug|Any CPU.Build.0 = Debug|Any CPU
		{66F62EF4-3CD0-4080-B2B4-83EE83DDB01C}.Release|Any CPU.ActiveCfg = Release|Any CPU
		{66F62EF4-3CD0-4080-B2B4-83EE83DDB01C}.Release|Any CPU.Build.0 = Release|Any CPU
		{4FCDA9A5-F853-453C-A9AD-79A187F55E92}.Debug|Any CPU.ActiveCfg = Debug|Any CPU
		{4FCDA9A5-F853-453C-A9AD-79A187F55E92}.Debug|Any CPU.Build.0 = Debug|Any CPU
		{4FCDA9A5-F853-453C-A9AD-79A187F55E92}.Release|Any CPU.ActiveCfg = Release|Any CPU
		{4FCDA9A5-F853-453C-A9AD-79A187F55E92}.Release|Any CPU.Build.0 = Release|Any CPU
	EndGlobalSection
	GlobalSection(SolutionProperties) = preSolution
		HideSolutionNode = FALSE
	EndGlobalSection
	GlobalSection(NestedProjects) = preSolution
		{269CA876-5273-4123-9A38-0BBD64F387C1} = {0E05E560-7447-4CF1-BE49-0FFDCB7AA2EE}
		{B6871215-3E6F-43A5-B412-F9FF5628FEAE} = {4FEA9B1E-871C-413A-A3EB-255AA38A7C8B}
		{D4B2FB4A-591D-435F-9CD9-08EC6A6AA1CB} = {4FEA9B1E-871C-413A-A3EB-255AA38A7C8B}
		{F226D850-2005-4928-8971-BF9FBAC8E8E9} = {81019B89-E37E-4645-B5E8-1DB385880D03}
		{BE23F11D-D3EF-425F-99D7-B0111D6E41E3} = {81019B89-E37E-4645-B5E8-1DB385880D03}
		{66F62EF4-3CD0-4080-B2B4-83EE83DDB01C} = {81019B89-E37E-4645-B5E8-1DB385880D03}
		{4FCDA9A5-F853-453C-A9AD-79A187F55E92} = {0E05E560-7447-4CF1-BE49-0FFDCB7AA2EE}
	EndGlobalSection
	GlobalSection(ExtensibilityGlobals) = postSolution
		SolutionGuid = {697FE1C3-E78F-4810-8ECB-29AC9A7EBEE5}
	EndGlobalSection
EndGlobal
